// !$*UTF8*$!
{
	archiveVersion = 1;
	classes = {
	};
	objectVersion = 51;
	objects = {

/* Begin PBXBuildFile section */
		3C2DD44F242C4C08000A1297 /* AppDelegate.swift in Sources */ = {isa = PBXBuildFile; fileRef = 3C2DD44E242C4C08000A1297 /* AppDelegate.swift */; };
		3C2DD451242C4C09000A1297 /* SceneDelegate.swift in Sources */ = {isa = PBXBuildFile; fileRef = 3C2DD450242C4C09000A1297 /* SceneDelegate.swift */; };
		3C2DD456242C4C09000A1297 /* Main.storyboard in Resources */ = {isa = PBXBuildFile; fileRef = 3C2DD454242C4C09000A1297 /* Main.storyboard */; };
		3C2DD458242C4C0D000A1297 /* Assets.xcassets in Resources */ = {isa = PBXBuildFile; fileRef = 3C2DD457242C4C0D000A1297 /* Assets.xcassets */; };
		3C2DD45B242C4C0D000A1297 /* LaunchScreen.storyboard in Resources */ = {isa = PBXBuildFile; fileRef = 3C2DD459242C4C0D000A1297 /* LaunchScreen.storyboard */; };
		3C2DD463242C50EE000A1297 /* QuidditchPlayersListScreen.swift in Sources */ = {isa = PBXBuildFile; fileRef = 3C2DD462242C50EE000A1297 /* QuidditchPlayersListScreen.swift */; };
		3C2DD46A242DA172000A1297 /* LabelHeadline.swift in Sources */ = {isa = PBXBuildFile; fileRef = 3C2DD469242DA172000A1297 /* LabelHeadline.swift */; };
		3C2DD46D242DA4B9000A1297 /* Colors.swift in Sources */ = {isa = PBXBuildFile; fileRef = 3C2DD46C242DA4B9000A1297 /* Colors.swift */; };
		3C65C2852435C9A70006BAB9 /* Position.swift in Sources */ = {isa = PBXBuildFile; fileRef = 3C65C2842435C9A70006BAB9 /* Position.swift */; };
		3CCC6DA2242DAB240015036B /* Fonts.swift in Sources */ = {isa = PBXBuildFile; fileRef = 3CCC6DA1242DAB240015036B /* Fonts.swift */; };
		3CCC6DA4242E08480015036B /* LabelBodyPrimaryTextColor.swift in Sources */ = {isa = PBXBuildFile; fileRef = 3CCC6DA3242E08480015036B /* LabelBodyPrimaryTextColor.swift */; };
		3CCC6DA6242E0A950015036B /* LabelBodyAlternateTextColor.swift in Sources */ = {isa = PBXBuildFile; fileRef = 3CCC6DA5242E0A950015036B /* LabelBodyAlternateTextColor.swift */; };
		3CCC6DA8242E10470015036B /* QuidditchPlayerCell.swift in Sources */ = {isa = PBXBuildFile; fileRef = 3CCC6DA7242E10470015036B /* QuidditchPlayerCell.swift */; };
		3CCC6DAF24319C7B0015036B /* Player.swift in Sources */ = {isa = PBXBuildFile; fileRef = 3CCC6DAE24319C7B0015036B /* Player.swift */; };
		3CCC6DB12431C7800015036B /* StringConstants.swift in Sources */ = {isa = PBXBuildFile; fileRef = 3CCC6DB02431C7800015036B /* StringConstants.swift */; };
		B5331D0BAF6417B1103DA63B /* Pods_QuidditchPlayers.framework in Frameworks */ = {isa = PBXBuildFile; fileRef = 05B4B3152107C6F437676C2B /* Pods_QuidditchPlayers.framework */; };
/* End PBXBuildFile section */

/* Begin PBXFileReference section */
		05B4B3152107C6F437676C2B /* Pods_QuidditchPlayers.framework */ = {isa = PBXFileReference; explicitFileType = wrapper.framework; includeInIndex = 0; path = Pods_QuidditchPlayers.framework; sourceTree = BUILT_PRODUCTS_DIR; };
		3C2DD44B242C4C08000A1297 /* QuidditchPlayers.app */ = {isa = PBXFileReference; explicitFileType = wrapper.application; includeInIndex = 0; path = QuidditchPlayers.app; sourceTree = BUILT_PRODUCTS_DIR; };
		3C2DD44E242C4C08000A1297 /* AppDelegate.swift */ = {isa = PBXFileReference; lastKnownFileType = sourcecode.swift; path = AppDelegate.swift; sourceTree = "<group>"; };
		3C2DD450242C4C09000A1297 /* SceneDelegate.swift */ = {isa = PBXFileReference; lastKnownFileType = sourcecode.swift; path = SceneDelegate.swift; sourceTree = "<group>"; };
		3C2DD455242C4C09000A1297 /* Base */ = {isa = PBXFileReference; lastKnownFileType = file.storyboard; name = Base; path = Base.lproj/Main.storyboard; sourceTree = "<group>"; };
		3C2DD457242C4C0D000A1297 /* Assets.xcassets */ = {isa = PBXFileReference; lastKnownFileType = folder.assetcatalog; path = Assets.xcassets; sourceTree = "<group>"; };
		3C2DD45A242C4C0D000A1297 /* Base */ = {isa = PBXFileReference; lastKnownFileType = file.storyboard; name = Base; path = Base.lproj/LaunchScreen.storyboard; sourceTree = "<group>"; };
		3C2DD45C242C4C0D000A1297 /* Info.plist */ = {isa = PBXFileReference; lastKnownFileType = text.plist.xml; path = Info.plist; sourceTree = "<group>"; };
		3C2DD462242C50EE000A1297 /* QuidditchPlayersListScreen.swift */ = {isa = PBXFileReference; lastKnownFileType = sourcecode.swift; path = QuidditchPlayersListScreen.swift; sourceTree = "<group>"; };
		3C2DD469242DA172000A1297 /* LabelHeadline.swift */ = {isa = PBXFileReference; lastKnownFileType = sourcecode.swift; path = LabelHeadline.swift; sourceTree = "<group>"; };
		3C2DD46C242DA4B9000A1297 /* Colors.swift */ = {isa = PBXFileReference; lastKnownFileType = sourcecode.swift; path = Colors.swift; sourceTree = "<group>"; };
		3C65C2842435C9A70006BAB9 /* Position.swift */ = {isa = PBXFileReference; lastKnownFileType = sourcecode.swift; path = Position.swift; sourceTree = "<group>"; };
		3CCC6DA1242DAB240015036B /* Fonts.swift */ = {isa = PBXFileReference; lastKnownFileType = sourcecode.swift; path = Fonts.swift; sourceTree = "<group>"; };
		3CCC6DA3242E08480015036B /* LabelBodyPrimaryTextColor.swift */ = {isa = PBXFileReference; lastKnownFileType = sourcecode.swift; path = LabelBodyPrimaryTextColor.swift; sourceTree = "<group>"; };
		3CCC6DA5242E0A950015036B /* LabelBodyAlternateTextColor.swift */ = {isa = PBXFileReference; lastKnownFileType = sourcecode.swift; path = LabelBodyAlternateTextColor.swift; sourceTree = "<group>"; };
		3CCC6DA7242E10470015036B /* QuidditchPlayerCell.swift */ = {isa = PBXFileReference; fileEncoding = 4; lastKnownFileType = sourcecode.swift; path = QuidditchPlayerCell.swift; sourceTree = "<group>"; };
		3CCC6DAE24319C7B0015036B /* Player.swift */ = {isa = PBXFileReference; lastKnownFileType = sourcecode.swift; path = Player.swift; sourceTree = "<group>"; };
		3CCC6DB02431C7800015036B /* StringConstants.swift */ = {isa = PBXFileReference; lastKnownFileType = sourcecode.swift; path = StringConstants.swift; sourceTree = "<group>"; };
		6F0D2140AFA74511F3A9421B /* Pods-QuidditchPlayers.debug.xcconfig */ = {isa = PBXFileReference; includeInIndex = 1; lastKnownFileType = text.xcconfig; name = "Pods-QuidditchPlayers.debug.xcconfig"; path = "Target Support Files/Pods-QuidditchPlayers/Pods-QuidditchPlayers.debug.xcconfig"; sourceTree = "<group>"; };
		A51823C22ADF1BA91D481913 /* Pods-QuidditchPlayers.release.xcconfig */ = {isa = PBXFileReference; includeInIndex = 1; lastKnownFileType = text.xcconfig; name = "Pods-QuidditchPlayers.release.xcconfig"; path = "Target Support Files/Pods-QuidditchPlayers/Pods-QuidditchPlayers.release.xcconfig"; sourceTree = "<group>"; };
/* End PBXFileReference section */

/* Begin PBXFrameworksBuildPhase section */
		3C2DD448242C4C08000A1297 /* Frameworks */ = {
			isa = PBXFrameworksBuildPhase;
			buildActionMask = 2147483647;
			files = (
				B5331D0BAF6417B1103DA63B /* Pods_QuidditchPlayers.framework in Frameworks */,
			);
			runOnlyForDeploymentPostprocessing = 0;
		};
/* End PBXFrameworksBuildPhase section */

/* Begin PBXGroup section */
		3C2DD442242C4C08000A1297 = {
			isa = PBXGroup;
			children = (
				3C2DD44D242C4C08000A1297 /* QuidditchPlayers */,
				3C2DD44C242C4C08000A1297 /* Products */,
				F9AE7F9FB8202ACB14839927 /* Pods */,
				4D8D387D5D54307465B401D4 /* Frameworks */,
			);
			sourceTree = "<group>";
		};
		3C2DD44C242C4C08000A1297 /* Products */ = {
			isa = PBXGroup;
			children = (
				3C2DD44B242C4C08000A1297 /* QuidditchPlayers.app */,
			);
			name = Products;
			sourceTree = "<group>";
		};
		3C2DD44D242C4C08000A1297 /* QuidditchPlayers */ = {
			isa = PBXGroup;
			children = (
				3CCC6DA9242F55EC0015036B /* Models */,
				3C2DD46B242DA460000A1297 /* Res */,
				3C2DD468242D9FEA000A1297 /* CustomViews */,
				3C2DD44E242C4C08000A1297 /* AppDelegate.swift */,
				3C2DD450242C4C09000A1297 /* SceneDelegate.swift */,
				3C2DD462242C50EE000A1297 /* QuidditchPlayersListScreen.swift */,
				3C2DD454242C4C09000A1297 /* Main.storyboard */,
				3CCC6DA7242E10470015036B /* QuidditchPlayerCell.swift */,
				3C2DD457242C4C0D000A1297 /* Assets.xcassets */,
				3C2DD459242C4C0D000A1297 /* LaunchScreen.storyboard */,
				3C2DD45C242C4C0D000A1297 /* Info.plist */,
			);
			path = QuidditchPlayers;
			sourceTree = "<group>";
		};
		3C2DD468242D9FEA000A1297 /* CustomViews */ = {
			isa = PBXGroup;
			children = (
				3C2DD469242DA172000A1297 /* LabelHeadline.swift */,
				3CCC6DA3242E08480015036B /* LabelBodyPrimaryTextColor.swift */,
				3CCC6DA5242E0A950015036B /* LabelBodyAlternateTextColor.swift */,
			);
			path = CustomViews;
			sourceTree = "<group>";
		};
		3C2DD46B242DA460000A1297 /* Res */ = {
			isa = PBXGroup;
			children = (
				3C2DD46C242DA4B9000A1297 /* Colors.swift */,
				3CCC6DA1242DAB240015036B /* Fonts.swift */,
				3CCC6DB02431C7800015036B /* StringConstants.swift */,
			);
			path = Res;
			sourceTree = "<group>";
		};
		3CCC6DA9242F55EC0015036B /* Models */ = {
			isa = PBXGroup;
			children = (
				3CCC6DAE24319C7B0015036B /* Player.swift */,
				3C65C2842435C9A70006BAB9 /* Position.swift */,
			);
			path = Models;
			sourceTree = "<group>";
		};
		4D8D387D5D54307465B401D4 /* Frameworks */ = {
			isa = PBXGroup;
			children = (
				05B4B3152107C6F437676C2B /* Pods_QuidditchPlayers.framework */,
			);
			name = Frameworks;
			sourceTree = "<group>";
		};
		F9AE7F9FB8202ACB14839927 /* Pods */ = {
			isa = PBXGroup;
			children = (
				6F0D2140AFA74511F3A9421B /* Pods-QuidditchPlayers.debug.xcconfig */,
				A51823C22ADF1BA91D481913 /* Pods-QuidditchPlayers.release.xcconfig */,
			);
			path = Pods;
			sourceTree = "<group>";
		};
/* End PBXGroup section */

/* Begin PBXNativeTarget section */
		3C2DD44A242C4C08000A1297 /* QuidditchPlayers */ = {
			isa = PBXNativeTarget;
			buildConfigurationList = 3C2DD45F242C4C0D000A1297 /* Build configuration list for PBXNativeTarget "QuidditchPlayers" */;
			buildPhases = (
				FFBF283CD0A2773F908B8389 /* [CP] Check Pods Manifest.lock */,
				3C2DD447242C4C08000A1297 /* Sources */,
				3C2DD448242C4C08000A1297 /* Frameworks */,
				3C2DD449242C4C08000A1297 /* Resources */,
				E8800B7478EC3A734D52BDCA /* [CP] Embed Pods Frameworks */,
			);
			buildRules = (
			);
			dependencies = (
			);
			name = QuidditchPlayers;
			productName = QuidditchPlayers;
			productReference = 3C2DD44B242C4C08000A1297 /* QuidditchPlayers.app */;
			productType = "com.apple.product-type.application";
		};
/* End PBXNativeTarget section */

/* Begin PBXProject section */
		3C2DD443242C4C08000A1297 /* Project object */ = {
			isa = PBXProject;
			attributes = {
				LastSwiftUpdateCheck = 1120;
				LastUpgradeCheck = 1120;
				ORGANIZATIONNAME = cjmobileapps;
				TargetAttributes = {
					3C2DD44A242C4C08000A1297 = {
						CreatedOnToolsVersion = 11.2.1;
					};
				};
			};
			buildConfigurationList = 3C2DD446242C4C08000A1297 /* Build configuration list for PBXProject "QuidditchPlayers" */;
			compatibilityVersion = "Xcode 9.3";
			developmentRegion = en;
			hasScannedForEncodings = 0;
			knownRegions = (
				en,
				Base,
			);
			mainGroup = 3C2DD442242C4C08000A1297;
			productRefGroup = 3C2DD44C242C4C08000A1297 /* Products */;
			projectDirPath = "";
			projectRoot = "";
			targets = (
				3C2DD44A242C4C08000A1297 /* QuidditchPlayers */,
			);
		};
/* End PBXProject section */

/* Begin PBXResourcesBuildPhase section */
		3C2DD449242C4C08000A1297 /* Resources */ = {
			isa = PBXResourcesBuildPhase;
			buildActionMask = 2147483647;
			files = (
				3C2DD45B242C4C0D000A1297 /* LaunchScreen.storyboard in Resources */,
				3C2DD458242C4C0D000A1297 /* Assets.xcassets in Resources */,
				3C2DD456242C4C09000A1297 /* Main.storyboard in Resources */,
			);
			runOnlyForDeploymentPostprocessing = 0;
		};
/* End PBXResourcesBuildPhase section */

/* Begin PBXShellScriptBuildPhase section */
		E8800B7478EC3A734D52BDCA /* [CP] Embed Pods Frameworks */ = {
			isa = PBXShellScriptBuildPhase;
			buildActionMask = 2147483647;
			files = (
			);
			inputFileListPaths = (
				"${PODS_ROOT}/Target Support Files/Pods-QuidditchPlayers/Pods-QuidditchPlayers-frameworks-${CONFIGURATION}-input-files.xcfilelist",
			);
			name = "[CP] Embed Pods Frameworks";
			outputFileListPaths = (
				"${PODS_ROOT}/Target Support Files/Pods-QuidditchPlayers/Pods-QuidditchPlayers-frameworks-${CONFIGURATION}-output-files.xcfilelist",
			);
			runOnlyForDeploymentPostprocessing = 0;
			shellPath = /bin/sh;
			shellScript = "\"${PODS_ROOT}/Target Support Files/Pods-QuidditchPlayers/Pods-QuidditchPlayers-frameworks.sh\"\n";
			showEnvVarsInLog = 0;
		};
		FFBF283CD0A2773F908B8389 /* [CP] Check Pods Manifest.lock */ = {
			isa = PBXShellScriptBuildPhase;
			buildActionMask = 2147483647;
			files = (
			);
			inputFileListPaths = (
			);
			inputPaths = (
				"${PODS_PODFILE_DIR_PATH}/Podfile.lock",
				"${PODS_ROOT}/Manifest.lock",
			);
			name = "[CP] Check Pods Manifest.lock";
			outputFileListPaths = (
			);
			outputPaths = (
				"$(DERIVED_FILE_DIR)/Pods-QuidditchPlayers-checkManifestLockResult.txt",
			);
			runOnlyForDeploymentPostprocessing = 0;
			shellPath = /bin/sh;
			shellScript = "diff \"${PODS_PODFILE_DIR_PATH}/Podfile.lock\" \"${PODS_ROOT}/Manifest.lock\" > /dev/null\nif [ $? != 0 ] ; then\n    # print error to STDERR\n    echo \"error: The sandbox is not in sync with the Podfile.lock. Run 'pod install' or update your CocoaPods installation.\" >&2\n    exit 1\nfi\n# This output is used by Xcode 'outputs' to avoid re-running this script phase.\necho \"SUCCESS\" > \"${SCRIPT_OUTPUT_FILE_0}\"\n";
			showEnvVarsInLog = 0;
		};
/* End PBXShellScriptBuildPhase section */

/* Begin PBXSourcesBuildPhase section */
		3C2DD447242C4C08000A1297 /* Sources */ = {
			isa = PBXSourcesBuildPhase;
			buildActionMask = 2147483647;
			files = (
				3CCC6DAF24319C7B0015036B /* Player.swift in Sources */,
				3CCC6DA6242E0A950015036B /* LabelBodyAlternateTextColor.swift in Sources */,
				3C65C2852435C9A70006BAB9 /* Position.swift in Sources */,
				3CCC6DA2242DAB240015036B /* Fonts.swift in Sources */,
				3CCC6DA4242E08480015036B /* LabelBodyPrimaryTextColor.swift in Sources */,
				3C2DD44F242C4C08000A1297 /* AppDelegate.swift in Sources */,
				3C2DD451242C4C09000A1297 /* SceneDelegate.swift in Sources */,
				3CCC6DB12431C7800015036B /* StringConstants.swift in Sources */,
				3C2DD46D242DA4B9000A1297 /* Colors.swift in Sources */,
				3C2DD463242C50EE000A1297 /* QuidditchPlayersListScreen.swift in Sources */,
				3CCC6DA8242E10470015036B /* QuidditchPlayerCell.swift in Sources */,
				3C2DD46A242DA172000A1297 /* LabelHeadline.swift in Sources */,
			);
			runOnlyForDeploymentPostprocessing = 0;
		};
/* End PBXSourcesBuildPhase section */

/* Begin PBXVariantGroup section */
		3C2DD454242C4C09000A1297 /* Main.storyboard */ = {
			isa = PBXVariantGroup;
			children = (
				3C2DD455242C4C09000A1297 /* Base */,
			);
			name = Main.storyboard;
			sourceTree = "<group>";
		};
		3C2DD459242C4C0D000A1297 /* LaunchScreen.storyboard */ = {
			isa = PBXVariantGroup;
			children = (
				3C2DD45A242C4C0D000A1297 /* Base */,
			);
			name = LaunchScreen.storyboard;
			sourceTree = "<group>";
		};
/* End PBXVariantGroup section */

/* Begin XCBuildConfiguration section */
		3C2DD45D242C4C0D000A1297 /* Debug */ = {
			isa = XCBuildConfiguration;
			buildSettings = {
				ALWAYS_SEARCH_USER_PATHS = NO;
				CLANG_ANALYZER_NONNULL = YES;
				CLANG_ANALYZER_NUMBER_OBJECT_CONVERSION = YES_AGGRESSIVE;
				CLANG_CXX_LANGUAGE_STANDARD = "gnu++14";
				CLANG_CXX_LIBRARY = "libc++";
				CLANG_ENABLE_MODULES = YES;
				CLANG_ENABLE_OBJC_ARC = YES;
				CLANG_ENABLE_OBJC_WEAK = YES;
				CLANG_WARN_BLOCK_CAPTURE_AUTORELEASING = YES;
				CLANG_WARN_BOOL_CONVERSION = YES;
				CLANG_WARN_COMMA = YES;
				CLANG_WARN_CONSTANT_CONVERSION = YES;
				CLANG_WARN_DEPRECATED_OBJC_IMPLEMENTATIONS = YES;
				CLANG_WARN_DIRECT_OBJC_ISA_USAGE = YES_ERROR;
				CLANG_WARN_DOCUMENTATION_COMMENTS = YES;
				CLANG_WARN_EMPTY_BODY = YES;
				CLANG_WARN_ENUM_CONVERSION = YES;
				CLANG_WARN_INFINITE_RECURSION = YES;
				CLANG_WARN_INT_CONVERSION = YES;
				CLANG_WARN_NON_LITERAL_NULL_CONVERSION = YES;
				CLANG_WARN_OBJC_IMPLICIT_RETAIN_SELF = YES;
				CLANG_WARN_OBJC_LITERAL_CONVERSION = YES;
				CLANG_WARN_OBJC_ROOT_CLASS = YES_ERROR;
				CLANG_WARN_RANGE_LOOP_ANALYSIS = YES;
				CLANG_WARN_STRICT_PROTOTYPES = YES;
				CLANG_WARN_SUSPICIOUS_MOVE = YES;
				CLANG_WARN_UNGUARDED_AVAILABILITY = YES_AGGRESSIVE;
				CLANG_WARN_UNREACHABLE_CODE = YES;
				CLANG_WARN__DUPLICATE_METHOD_MATCH = YES;
				COPY_PHASE_STRIP = NO;
				DEBUG_INFORMATION_FORMAT = dwarf;
				ENABLE_STRICT_OBJC_MSGSEND = YES;
				ENABLE_TESTABILITY = YES;
				GCC_C_LANGUAGE_STANDARD = gnu11;
				GCC_DYNAMIC_NO_PIC = NO;
				GCC_NO_COMMON_BLOCKS = YES;
				GCC_OPTIMIZATION_LEVEL = 0;
				GCC_PREPROCESSOR_DEFINITIONS = (
					"DEBUG=1",
					"$(inherited)",
				);
				GCC_WARN_64_TO_32_BIT_CONVERSION = YES;
				GCC_WARN_ABOUT_RETURN_TYPE = YES_ERROR;
				GCC_WARN_UNDECLARED_SELECTOR = YES;
				GCC_WARN_UNINITIALIZED_AUTOS = YES_AGGRESSIVE;
				GCC_WARN_UNUSED_FUNCTION = YES;
				GCC_WARN_UNUSED_VARIABLE = YES;
				IPHONEOS_DEPLOYMENT_TARGET = 13.2;
				MTL_ENABLE_DEBUG_INFO = INCLUDE_SOURCE;
				MTL_FAST_MATH = YES;
				ONLY_ACTIVE_ARCH = YES;
				SDKROOT = iphoneos;
				SWIFT_ACTIVE_COMPILATION_CONDITIONS = DEBUG;
				SWIFT_OPTIMIZATION_LEVEL = "-Onone";
			};
			name = Debug;
		};
		3C2DD45E242C4C0D000A1297 /* Release */ = {
			isa = XCBuildConfiguration;
			buildSettings = {
				ALWAYS_SEARCH_USER_PATHS = NO;
				CLANG_ANALYZER_NONNULL = YES;
				CLANG_ANALYZER_NUMBER_OBJECT_CONVERSION = YES_AGGRESSIVE;
				CLANG_CXX_LANGUAGE_STANDARD = "gnu++14";
				CLANG_CXX_LIBRARY = "libc++";
				CLANG_ENABLE_MODULES = YES;
				CLANG_ENABLE_OBJC_ARC = YES;
				CLANG_ENABLE_OBJC_WEAK = YES;
				CLANG_WARN_BLOCK_CAPTURE_AUTORELEASING = YES;
				CLANG_WARN_BOOL_CONVERSION = YES;
				CLANG_WARN_COMMA = YES;
				CLANG_WARN_CONSTANT_CONVERSION = YES;
				CLANG_WARN_DEPRECATED_OBJC_IMPLEMENTATIONS = YES;
				CLANG_WARN_DIRECT_OBJC_ISA_USAGE = YES_ERROR;
				CLANG_WARN_DOCUMENTATION_COMMENTS = YES;
				CLANG_WARN_EMPTY_BODY = YES;
				CLANG_WARN_ENUM_CONVERSION = YES;
				CLANG_WARN_INFINITE_RECURSION = YES;
				CLANG_WARN_INT_CONVERSION = YES;
				CLANG_WARN_NON_LITERAL_NULL_CONVERSION = YES;
				CLANG_WARN_OBJC_IMPLICIT_RETAIN_SELF = YES;
				CLANG_WARN_OBJC_LITERAL_CONVERSION = YES;
				CLANG_WARN_OBJC_ROOT_CLASS = YES_ERROR;
				CLANG_WARN_RANGE_LOOP_ANALYSIS = YES;
				CLANG_WARN_STRICT_PROTOTYPES = YES;
				CLANG_WARN_SUSPICIOUS_MOVE = YES;
				CLANG_WARN_UNGUARDED_AVAILABILITY = YES_AGGRESSIVE;
				CLANG_WARN_UNREACHABLE_CODE = YES;
				CLANG_WARN__DUPLICATE_METHOD_MATCH = YES;
				COPY_PHASE_STRIP = NO;
				DEBUG_INFORMATION_FORMAT = "dwarf-with-dsym";
				ENABLE_NS_ASSERTIONS = NO;
				ENABLE_STRICT_OBJC_MSGSEND = YES;
				GCC_C_LANGUAGE_STANDARD = gnu11;
				GCC_NO_COMMON_BLOCKS = YES;
				GCC_WARN_64_TO_32_BIT_CONVERSION = YES;
				GCC_WARN_ABOUT_RETURN_TYPE = YES_ERROR;
				GCC_WARN_UNDECLARED_SELECTOR = YES;
				GCC_WARN_UNINITIALIZED_AUTOS = YES_AGGRESSIVE;
				GCC_WARN_UNUSED_FUNCTION = YES;
				GCC_WARN_UNUSED_VARIABLE = YES;
				IPHONEOS_DEPLOYMENT_TARGET = 13.2;
				MTL_ENABLE_DEBUG_INFO = NO;
				MTL_FAST_MATH = YES;
				SDKROOT = iphoneos;
				SWIFT_COMPILATION_MODE = wholemodule;
				SWIFT_OPTIMIZATION_LEVEL = "-O";
				VALIDATE_PRODUCT = YES;
			};
			name = Release;
		};
		3C2DD460242C4C0D000A1297 /* Debug */ = {
			isa = XCBuildConfiguration;
			baseConfigurationReference = 6F0D2140AFA74511F3A9421B /* Pods-QuidditchPlayers.debug.xcconfig */;
			buildSettings = {
				ASSETCATALOG_COMPILER_APPICON_NAME = AppIcon;
				CODE_SIGN_STYLE = Automatic;
				INFOPLIST_FILE = QuidditchPlayers/Info.plist;
				IPHONEOS_DEPLOYMENT_TARGET = 13.2;
				LD_RUNPATH_SEARCH_PATHS = (
					"$(inherited)",
					"@executable_path/Frameworks",
				);
				PRODUCT_BUNDLE_IDENTIFIER = com.cjmobileapps.QuidditchPlayers;
				PRODUCT_NAME = "$(TARGET_NAME)";
				SWIFT_VERSION = 5.0;
				TARGETED_DEVICE_FAMILY = "1,2";
			};
			name = Debug;
		};
		3C2DD461242C4C0D000A1297 /* Release */ = {
			isa = XCBuildConfiguration;
			baseConfigurationReference = A51823C22ADF1BA91D481913 /* Pods-QuidditchPlayers.release.xcconfig */;
			buildSettings = {
				ASSETCATALOG_COMPILER_APPICON_NAME = AppIcon;
				CODE_SIGN_STYLE = Automatic;
				INFOPLIST_FILE = QuidditchPlayers/Info.plist;
				IPHONEOS_DEPLOYMENT_TARGET = 13.2;
				LD_RUNPATH_SEARCH_PATHS = (
					"$(inherited)",
					"@executable_path/Frameworks",
				);
				PRODUCT_BUNDLE_IDENTIFIER = com.cjmobileapps.QuidditchPlayers;
				PRODUCT_NAME = "$(TARGET_NAME)";
				SWIFT_VERSION = 5.0;
				TARGETED_DEVICE_FAMILY = "1,2";
			};
			name = Release;
		};
/* End XCBuildConfiguration section */

/* Begin XCConfigurationList section */
		3C2DD446242C4C08000A1297 /* Build configuration list for PBXProject "QuidditchPlayers" */ = {
			isa = XCConfigurationList;
			buildConfigurations = (
				3C2DD45D242C4C0D000A1297 /* Debug */,
				3C2DD45E242C4C0D000A1297 /* Release */,
			);
			defaultConfigurationIsVisible = 0;
			defaultConfigurationName = Release;
		};
		3C2DD45F242C4C0D000A1297 /* Build configuration list for PBXNativeTarget "QuidditchPlayers" */ = {
			isa = XCConfigurationList;
			buildConfigurations = (
				3C2DD460242C4C0D000A1297 /* Debug */,
				3C2DD461242C4C0D000A1297 /* Release */,
			);
			defaultConfigurationIsVisible = 0;
			defaultConfigurationName = Release;
		};
/* End XCConfigurationList section */
	};
	rootObject = 3C2DD443242C4C08000A1297 /* Project object */;
}
